<?xml version="1.0" encoding="UTF-8" standalone="yes" ?>
<CodeBlocks_project_file>
	<FileVersion major="1" minor="6" />
	<Project>
		<Option title="Spacegasm-Client" />
		<Option pch_mode="2" />
		<Option compiler="gcc" />
		<Build>
			<Target title="Linux64Debug">
				<Option output="bin/Linux64Debug/Spacegasm-Client" prefix_auto="1" extension_auto="1" />
				<Option object_output="obj/Linux64Debug/" />
				<Option type="1" />
				<Option compiler="gcc" />
				<Compiler>
					<Add option="-std=c++11" />
					<Add option="-g" />
					<Add option="`pkg-config --cflags sigc++-2.0`" />
				</Compiler>
				<Linker>
					<Add option="`pkg-config --libs libenet`" />
					<Add option="`pkg-config --cflags --libs sigc++-2.0`" />
					<Add library="Data/Libraries_linux64/libsfml-system.so" />
					<Add library="Data/Libraries_linux64/libsfml-window.so" />
					<Add library="Data/Libraries_linux64/libsfml-graphics.so" />
					<Add library="Data/Libraries_linux64/libsfml-audio.so" />
					<Add library="Data/Libraries_linux64/libsfml-network.so" />
					<Add library="Data/Libraries_linux64/libawesomium-1.6.5.so" />
				</Linker>
				<ExtraCommands>
					<Add after="cp -r Data/ bin/Linux64Debug/" />
					<Mode after="always" />
				</ExtraCommands>
			</Target>
			<Target title="Linux64Release">
				<Option output="bin/Linux64Release/Spacegasm-Client" prefix_auto="1" extension_auto="1" />
				<Option object_output="obj/Linux64Release/" />
				<Option type="1" />
				<Option compiler="gcc" />
				<Compiler>
					<Add option="-O3" />
					<Add option="-std=c++11" />
					<Add option="`pkg-config --cflags sigc++-2.0`" />
				</Compiler>
				<Linker>
					<Add option="-s" />
					<Add option="`pkg-config --libs libenet`" />
					<Add option="`pkg-config --cflags --libs sigc++-2.0`" />
					<Add library="Data/Libraries_linux64/libsfml-system.so" />
					<Add library="Data/Libraries_linux64/libsfml-window.so" />
					<Add library="Data/Libraries_linux64/libsfml-graphics.so" />
					<Add library="Data/Libraries_linux64/libsfml-audio.so" />
					<Add library="Data/Libraries_linux64/libsfml-network.so" />
					<Add library="Data/Libraries_linux64/libawesomium-1.6.5.so" />
				</Linker>
				<ExtraCommands>
					<Add after="cp -r Data/ bin/Linux64Release/" />
					<Mode after="always" />
				</ExtraCommands>
			</Target>
			<Target title="Window32Debug">
				<Option output="bin/Window32Debug/Spacegasm-Client" prefix_auto="1" extension_auto="1" />
				<Option working_dir="bin/Window32Debug/" />
				<Option object_output="obj/Window32Debug/" />
				<Option type="1" />
				<Option compiler="gcc" />
				<Compiler>
					<Add option="-g" />
				</Compiler>
			</Target>
		</Build>
		<Compiler>
			<Add option="-Wall" />
			<Add option="-fexceptions" />
			<Add directory="SFML/include" />
			<Add directory="include" />
		</Compiler>
		<Unit filename="client_main.cpp" />
		<Unit filename="include/CGUIManager.h" />
		<Unit filename="include/CGame.h" />
		<Unit filename="include/CNetworkManager.h" />
		<Unit filename="include/CPacketHandler.h" />
		<Unit filename="include/CPacketSender.h" />
		<Unit filename="include/CStringContainer.h" />
		<Unit filename="include/CStringExt.h" />
		<Unit filename="include/CTexture.h" />
		<Unit filename="include/CTextureManager.h" />
		<Unit filename="include/IPConverter.h" />
		<Unit filename="include/SFGUI/Adjustment.hpp" />
		<Unit filename="include/SFGUI/Alignment.hpp" />
		<Unit filename="include/SFGUI/Bin.hpp" />
		<Unit filename="include/SFGUI/Box.hpp" />
		<Unit filename="include/SFGUI/Button.hpp" />
		<Unit filename="include/SFGUI/CheckButton.hpp" />
		<Unit filename="include/SFGUI/ComboBox.hpp" />
		<Unit filename="include/SFGUI/Config.hpp" />
		<Unit filename="include/SFGUI/Container.hpp" />
		<Unit filename="include/SFGUI/Context.hpp" />
		<Unit filename="include/SFGUI/DejaVuSansFont.hpp" />
		<Unit filename="include/SFGUI/Desktop.hpp" />
		<Unit filename="include/SFGUI/Engine.hpp" />
		<Unit filename="include/SFGUI/Engines/BREW.hpp" />
		<Unit filename="include/SFGUI/Entry.hpp" />
		<Unit filename="include/SFGUI/FastDelegate.hpp" />
		<Unit filename="include/SFGUI/FileResourceLoader.hpp" />
		<Unit filename="include/SFGUI/Fixed.hpp" />
		<Unit filename="include/SFGUI/Frame.hpp" />
		<Unit filename="include/SFGUI/GLCanvas.hpp" />
		<Unit filename="include/SFGUI/Image.hpp" />
		<Unit filename="include/SFGUI/Label.hpp" />
		<Unit filename="include/SFGUI/Misc.hpp" />
		<Unit filename="include/SFGUI/NonCopyable.hpp" />
		<Unit filename="include/SFGUI/Notebook.hpp" />
		<Unit filename="include/SFGUI/Object.hpp" />
		<Unit filename="include/SFGUI/Parsers/ThemeParser/Grammar.hpp" />
		<Unit filename="include/SFGUI/Parsers/ThemeParser/Parse.hpp" />
		<Unit filename="include/SFGUI/Primitive.hpp" />
		<Unit filename="include/SFGUI/ProgressBar.hpp" />
		<Unit filename="include/SFGUI/RadioButton.hpp" />
		<Unit filename="include/SFGUI/Range.hpp" />
		<Unit filename="include/SFGUI/RenderQueue.hpp" />
		<Unit filename="include/SFGUI/Renderer.hpp" />
		<Unit filename="include/SFGUI/RendererViewport.hpp" />
		<Unit filename="include/SFGUI/ResourceLoader.hpp" />
		<Unit filename="include/SFGUI/ResourceManager.hpp" />
		<Unit filename="include/SFGUI/SFGUI.hpp" />
		<Unit filename="include/SFGUI/Scale.hpp" />
		<Unit filename="include/SFGUI/Scrollbar.hpp" />
		<Unit filename="include/SFGUI/ScrolledWindow.hpp" />
		<Unit filename="include/SFGUI/Selector.hpp" />
		<Unit filename="include/SFGUI/Separator.hpp" />
		<Unit filename="include/SFGUI/SharedPtr.hpp" />
		<Unit filename="include/SFGUI/Signal.hpp" />
		<Unit filename="include/SFGUI/SpinButton.hpp" />
		<Unit filename="include/SFGUI/Spinner.hpp" />
		<Unit filename="include/SFGUI/Table.hpp" />
		<Unit filename="include/SFGUI/TableCell.hpp" />
		<Unit filename="include/SFGUI/TableOptions.hpp" />
		<Unit filename="include/SFGUI/ToggleButton.hpp" />
		<Unit filename="include/SFGUI/Viewport.hpp" />
		<Unit filename="include/SFGUI/Widget.hpp" />
		<Unit filename="include/SFGUI/Window.hpp" />
		<Unit filename="include/pugiconfig.hpp" />
		<Unit filename="include/pugixml.hpp" />
		<Unit filename="src/CGUIManager.cpp" />
		<Unit filename="src/CGame/CGame.cpp" />
		<Unit filename="src/CGame/onEvent.cpp" />
		<Unit filename="src/CGame/onExit.cpp" />
		<Unit filename="src/CGame/onInit.cpp" />
		<Unit filename="src/CGame/onRender.cpp" />
		<Unit filename="src/CGame/onUpdate.cpp" />
		<Unit filename="src/CNetworkManager.cpp" />
		<Unit filename="src/CPacketHandler.cpp" />
		<Unit filename="src/CStringContainer.cpp" />
		<Unit filename="src/CStringExt.cpp" />
		<Unit filename="src/CTexture.cpp" />
		<Unit filename="src/CTextureManager.cpp" />
		<Unit filename="src/IPConverter.cpp" />
		<Unit filename="src/SFGUI/Adjustment.cpp" />
		<Unit filename="src/SFGUI/Alignment.cpp" />
		<Unit filename="src/SFGUI/Bin.cpp" />
		<Unit filename="src/SFGUI/Box.cpp" />
		<Unit filename="src/SFGUI/Button.cpp" />
		<Unit filename="src/SFGUI/CheckButton.cpp" />
		<Unit filename="src/SFGUI/ComboBox.cpp" />
		<Unit filename="src/SFGUI/Container.cpp" />
		<Unit filename="src/SFGUI/Context.cpp" />
		<Unit filename="src/SFGUI/DejaVuSansFont.cpp" />
		<Unit filename="src/SFGUI/Desktop.cpp" />
		<Unit filename="src/SFGUI/Engine.cpp" />
		<Unit filename="src/SFGUI/Engines/BREW.cpp" />
		<Unit filename="src/SFGUI/Engines/BREW/Button.cpp" />
		<Unit filename="src/SFGUI/Engines/BREW/CheckButton.cpp" />
		<Unit filename="src/SFGUI/Engines/BREW/ComboBox.cpp" />
		<Unit filename="src/SFGUI/Engines/BREW/Entry.cpp" />
		<Unit filename="src/SFGUI/Engines/BREW/Frame.cpp" />
		<Unit filename="src/SFGUI/Engines/BREW/Image.cpp" />
		<Unit filename="src/SFGUI/Engines/BREW/Label.cpp" />
		<Unit filename="src/SFGUI/Engines/BREW/Notebook.cpp" />
		<Unit filename="src/SFGUI/Engines/BREW/ProgressBar.cpp" />
		<Unit filename="src/SFGUI/Engines/BREW/Scale.cpp" />
		<Unit filename="src/SFGUI/Engines/BREW/Scrollbar.cpp" />
		<Unit filename="src/SFGUI/Engines/BREW/ScrolledWindow.cpp" />
		<Unit filename="src/SFGUI/Engines/BREW/Separator.cpp" />
		<Unit filename="src/SFGUI/Engines/BREW/SpinButton.cpp" />
		<Unit filename="src/SFGUI/Engines/BREW/Spinner.cpp" />
		<Unit filename="src/SFGUI/Engines/BREW/ToggleButton.cpp" />
		<Unit filename="src/SFGUI/Engines/BREW/Window.cpp" />
		<Unit filename="src/SFGUI/Entry.cpp" />
		<Unit filename="src/SFGUI/FileResourceLoader.cpp" />
		<Unit filename="src/SFGUI/Fixed.cpp" />
		<Unit filename="src/SFGUI/Frame.cpp" />
		<Unit filename="src/SFGUI/GLCanvas.cpp" />
		<Unit filename="src/SFGUI/Image.cpp" />
		<Unit filename="src/SFGUI/Label.cpp" />
		<Unit filename="src/SFGUI/Misc.cpp" />
		<Unit filename="src/SFGUI/NonCopyable.cpp" />
		<Unit filename="src/SFGUI/Notebook.cpp" />
		<Unit filename="src/SFGUI/Object.cpp" />
		<Unit filename="src/SFGUI/Parsers/ThemeParser/Grammar.cpp" />
		<Unit filename="src/SFGUI/Parsers/ThemeParser/GrammarPredicates.cpp" />
		<Unit filename="src/SFGUI/Parsers/ThemeParser/GrammarSelector.cpp" />
		<Unit filename="src/SFGUI/Parsers/ThemeParser/GrammarSimpleSelector.cpp" />
		<Unit filename="src/SFGUI/Parsers/ThemeParser/GrammarStatement.cpp" />
		<Unit filename="src/SFGUI/Parsers/ThemeParser/GrammarToken.cpp" />
		<Unit filename="src/SFGUI/Parsers/ThemeParser/Parse.cpp" />
		<Unit filename="src/SFGUI/Primitive.cpp" />
		<Unit filename="src/SFGUI/ProgressBar.cpp" />
		<Unit filename="src/SFGUI/RadioButton.cpp" />
		<Unit filename="src/SFGUI/Range.cpp" />
		<Unit filename="src/SFGUI/RenderQueue.cpp" />
		<Unit filename="src/SFGUI/Renderer.cpp" />
		<Unit filename="src/SFGUI/RendererViewport.cpp" />
		<Unit filename="src/SFGUI/ResourceLoader.cpp" />
		<Unit filename="src/SFGUI/ResourceManager.cpp" />
		<Unit filename="src/SFGUI/SFGUI.cpp" />
		<Unit filename="src/SFGUI/Scale.cpp" />
		<Unit filename="src/SFGUI/Scrollbar.cpp" />
		<Unit filename="src/SFGUI/ScrolledWindow.cpp" />
		<Unit filename="src/SFGUI/Selector.cpp" />
		<Unit filename="src/SFGUI/Separator.cpp" />
		<Unit filename="src/SFGUI/Signal.cpp" />
		<Unit filename="src/SFGUI/SpinButton.cpp" />
		<Unit filename="src/SFGUI/Spinner.cpp" />
		<Unit filename="src/SFGUI/Table.cpp" />
		<Unit filename="src/SFGUI/TableCell.cpp" />
		<Unit filename="src/SFGUI/TableOptions.cpp" />
		<Unit filename="src/SFGUI/ToggleButton.cpp" />
		<Unit filename="src/SFGUI/Viewport.cpp" />
		<Unit filename="src/SFGUI/Widget.cpp" />
		<Unit filename="src/SFGUI/Window.cpp" />
		<Unit filename="src/pugixml.cpp" />
		<Extensions>
			<code_completion />
			<debugger />
			<envvars />
		</Extensions>
	</Project>
</CodeBlocks_project_file>
