<?xml version="1.0" encoding="UTF-8" standalone="yes" ?>
<CodeBlocks_project_file>
	<FileVersion major="1" minor="6" />
	<Project>
		<Option title="Spacegasm-Client" />
		<Option pch_mode="2" />
		<Option compiler="gcc" />
		<Option virtualFolders="External Libraries/Artemis C++/;External Libraries/;External Libraries/pugiXML/;" />
		<Build>
			<Target title="Linux64Debug">
				<Option output="bin/Linux64Debug/Spacegasm-Client" prefix_auto="1" extension_auto="1" />
				<Option object_output="obj/Linux64Debug/" />
				<Option type="1" />
				<Option compiler="gcc" />
				<Compiler>
					<Add option="-std=c++11" />
					<Add option="-g" />
					<Add option="`pkg-config --cflags sigc++-2.0`" />
				</Compiler>
				<Linker>
					<Add option="`pkg-config --libs libenet`" />
					<Add option="`pkg-config --cflags --libs sigc++-2.0`" />
					<Add library="Data/Libraries_linux64/libsfml-system.so" />
					<Add library="Data/Libraries_linux64/libsfml-window.so" />
					<Add library="Data/Libraries_linux64/libsfml-graphics.so" />
					<Add library="Data/Libraries_linux64/libsfml-audio.so" />
					<Add library="Data/Libraries_linux64/libsfml-network.so" />
					<Add library="Data/Libraries_linux64/libsfgui.so" />
				</Linker>
				<ExtraCommands>
					<Add after="cp -r Data/ bin/Linux64Debug/" />
					<Mode after="always" />
				</ExtraCommands>
			</Target>
			<Target title="Linux64Release">
				<Option output="bin/Linux64Release/Spacegasm-Client" prefix_auto="1" extension_auto="1" />
				<Option object_output="obj/Linux64Release/" />
				<Option type="1" />
				<Option compiler="gcc" />
				<Compiler>
					<Add option="-O3" />
					<Add option="-std=c++11" />
					<Add option="`pkg-config --cflags sigc++-2.0`" />
				</Compiler>
				<Linker>
					<Add option="-s" />
					<Add option="`pkg-config --libs libenet`" />
					<Add option="`pkg-config --cflags --libs sigc++-2.0`" />
					<Add library="Data/Libraries_linux64/libsfml-system.so" />
					<Add library="Data/Libraries_linux64/libsfml-window.so" />
					<Add library="Data/Libraries_linux64/libsfml-graphics.so" />
					<Add library="Data/Libraries_linux64/libsfml-audio.so" />
					<Add library="Data/Libraries_linux64/libsfml-network.so" />
					<Add library="Data/Libraries_linux64/libsfgui.so" />
				</Linker>
				<ExtraCommands>
					<Add after="cp -r Data/ bin/Linux64Release/" />
					<Mode after="always" />
				</ExtraCommands>
			</Target>
			<Target title="Window32Debug">
				<Option output="bin/Window32Debug/Spacegasm-Client" prefix_auto="1" extension_auto="1" />
				<Option working_dir="bin/Window32Debug/" />
				<Option object_output="obj/Window32Debug/" />
				<Option type="1" />
				<Option compiler="gcc" />
				<Compiler>
					<Add option="-g" />
				</Compiler>
			</Target>
		</Build>
		<Compiler>
			<Add option="-Wall" />
			<Add option="-fexceptions" />
			<Add directory="SFML/include" />
			<Add directory="include" />
		</Compiler>
		<Unit filename="client_main.cpp" />
		<Unit filename="include/BitSize.h">
			<Option virtualFolder="External Libraries/Artemis C++/" />
		</Unit>
		<Unit filename="include/CGame.h" />
		<Unit filename="include/CNetworkManager.h" />
		<Unit filename="include/CPacketHandler.h" />
		<Unit filename="include/CPacketSender.h" />
		<Unit filename="include/CStringContainer.h" />
		<Unit filename="include/CStringExt.h" />
		<Unit filename="include/CTexture.h" />
		<Unit filename="include/CTextureManager.h" />
		<Unit filename="include/Component.h">
			<Option virtualFolder="External Libraries/Artemis C++/" />
		</Unit>
		<Unit filename="include/ComponentMapper.h">
			<Option virtualFolder="External Libraries/Artemis C++/" />
		</Unit>
		<Unit filename="include/ComponentType.h">
			<Option virtualFolder="External Libraries/Artemis C++/" />
		</Unit>
		<Unit filename="include/ComponentTypeManager.h">
			<Option virtualFolder="External Libraries/Artemis C++/" />
		</Unit>
		<Unit filename="include/DelayedEntityProcessingSystem.h">
			<Option virtualFolder="External Libraries/Artemis C++/" />
		</Unit>
		<Unit filename="include/DelayedEntitySystem.h">
			<Option virtualFolder="External Libraries/Artemis C++/" />
		</Unit>
		<Unit filename="include/Entity.h">
			<Option virtualFolder="External Libraries/Artemis C++/" />
		</Unit>
		<Unit filename="include/EntityManager.h">
			<Option virtualFolder="External Libraries/Artemis C++/" />
		</Unit>
		<Unit filename="include/EntityProcessingSystem.h">
			<Option virtualFolder="External Libraries/Artemis C++/" />
		</Unit>
		<Unit filename="include/EntitySystem.h">
			<Option virtualFolder="External Libraries/Artemis C++/" />
		</Unit>
		<Unit filename="include/GroupManager.h">
			<Option virtualFolder="External Libraries/Artemis C++/" />
		</Unit>
		<Unit filename="include/IPConverter.h" />
		<Unit filename="include/ImmutableBag.h">
			<Option virtualFolder="External Libraries/Artemis C++/" />
		</Unit>
		<Unit filename="include/SFGUI/Adjustment.hpp" />
		<Unit filename="include/SFGUI/Alignment.hpp" />
		<Unit filename="include/SFGUI/Bin.hpp" />
		<Unit filename="include/SFGUI/Box.hpp" />
		<Unit filename="include/SFGUI/Button.hpp" />
		<Unit filename="include/SFGUI/CheckButton.hpp" />
		<Unit filename="include/SFGUI/ComboBox.hpp" />
		<Unit filename="include/SFGUI/Config.hpp" />
		<Unit filename="include/SFGUI/Container.hpp" />
		<Unit filename="include/SFGUI/Context.hpp" />
		<Unit filename="include/SFGUI/DejaVuSansFont.hpp" />
		<Unit filename="include/SFGUI/Desktop.hpp" />
		<Unit filename="include/SFGUI/Engine.hpp" />
		<Unit filename="include/SFGUI/Engines/BREW.hpp" />
		<Unit filename="include/SFGUI/Entry.hpp" />
		<Unit filename="include/SFGUI/FastDelegate.hpp" />
		<Unit filename="include/SFGUI/FileResourceLoader.hpp" />
		<Unit filename="include/SFGUI/Fixed.hpp" />
		<Unit filename="include/SFGUI/Frame.hpp" />
		<Unit filename="include/SFGUI/GLCanvas.hpp" />
		<Unit filename="include/SFGUI/Image.hpp" />
		<Unit filename="include/SFGUI/Label.hpp" />
		<Unit filename="include/SFGUI/Misc.hpp" />
		<Unit filename="include/SFGUI/NonCopyable.hpp" />
		<Unit filename="include/SFGUI/Notebook.hpp" />
		<Unit filename="include/SFGUI/Object.hpp" />
		<Unit filename="include/SFGUI/Parsers/ThemeParser/Grammar.hpp" />
		<Unit filename="include/SFGUI/Parsers/ThemeParser/Parse.hpp" />
		<Unit filename="include/SFGUI/Primitive.hpp" />
		<Unit filename="include/SFGUI/ProgressBar.hpp" />
		<Unit filename="include/SFGUI/RadioButton.hpp" />
		<Unit filename="include/SFGUI/Range.hpp" />
		<Unit filename="include/SFGUI/RenderQueue.hpp" />
		<Unit filename="include/SFGUI/Renderer.hpp" />
		<Unit filename="include/SFGUI/RendererViewport.hpp" />
		<Unit filename="include/SFGUI/ResourceLoader.hpp" />
		<Unit filename="include/SFGUI/ResourceManager.hpp" />
		<Unit filename="include/SFGUI/SFGUI.hpp" />
		<Unit filename="include/SFGUI/Scale.hpp" />
		<Unit filename="include/SFGUI/Scrollbar.hpp" />
		<Unit filename="include/SFGUI/ScrolledWindow.hpp" />
		<Unit filename="include/SFGUI/Selector.hpp" />
		<Unit filename="include/SFGUI/Separator.hpp" />
		<Unit filename="include/SFGUI/SharedPtr.hpp" />
		<Unit filename="include/SFGUI/Signal.hpp" />
		<Unit filename="include/SFGUI/SpinButton.hpp" />
		<Unit filename="include/SFGUI/Spinner.hpp" />
		<Unit filename="include/SFGUI/Table.hpp" />
		<Unit filename="include/SFGUI/TableCell.hpp" />
		<Unit filename="include/SFGUI/TableOptions.hpp" />
		<Unit filename="include/SFGUI/ToggleButton.hpp" />
		<Unit filename="include/SFGUI/Viewport.hpp" />
		<Unit filename="include/SFGUI/Widget.hpp" />
		<Unit filename="include/SFGUI/Window.hpp" />
		<Unit filename="include/SystemBitManager.h">
			<Option virtualFolder="External Libraries/Artemis C++/" />
		</Unit>
		<Unit filename="include/SystemManager.h">
			<Option virtualFolder="External Libraries/Artemis C++/" />
		</Unit>
		<Unit filename="include/TagManager.h">
			<Option virtualFolder="External Libraries/Artemis C++/" />
		</Unit>
		<Unit filename="include/TypeInfoComparator.h">
			<Option virtualFolder="External Libraries/Artemis C++/" />
		</Unit>
		<Unit filename="include/Windows/ConnectToServer.h" />
		<Unit filename="include/Windows/Default.h" />
		<Unit filename="include/Windows/MainMenu.h" />
		<Unit filename="include/Windows/ServerConnection.h" />
		<Unit filename="include/World.h">
			<Option virtualFolder="External Libraries/Artemis C++/" />
		</Unit>
		<Unit filename="include/pugiconfig.hpp">
			<Option virtualFolder="External Libraries/pugiXML/" />
		</Unit>
		<Unit filename="include/pugixml.hpp">
			<Option virtualFolder="External Libraries/pugiXML/" />
		</Unit>
		<Unit filename="src/CGame/CGame.cpp" />
		<Unit filename="src/CGame/onEvent.cpp" />
		<Unit filename="src/CGame/onExit.cpp" />
		<Unit filename="src/CGame/onInit.cpp" />
		<Unit filename="src/CGame/onRender.cpp" />
		<Unit filename="src/CGame/onUpdate.cpp" />
		<Unit filename="src/CNetworkManager.cpp" />
		<Unit filename="src/CPacketHandler.cpp" />
		<Unit filename="src/CStringContainer.cpp" />
		<Unit filename="src/CStringExt.cpp" />
		<Unit filename="src/CTexture.cpp" />
		<Unit filename="src/CTextureManager.cpp" />
		<Unit filename="src/Component.cpp">
			<Option virtualFolder="External Libraries/Artemis C++/" />
		</Unit>
		<Unit filename="src/ComponentType.cpp">
			<Option virtualFolder="External Libraries/Artemis C++/" />
		</Unit>
		<Unit filename="src/ComponentTypeManager.cpp">
			<Option virtualFolder="External Libraries/Artemis C++/" />
		</Unit>
		<Unit filename="src/DelayedEntityProcessingSystem.cpp">
			<Option virtualFolder="External Libraries/Artemis C++/" />
		</Unit>
		<Unit filename="src/DelayedEntitySystem.cpp">
			<Option virtualFolder="External Libraries/Artemis C++/" />
		</Unit>
		<Unit filename="src/Entity.cpp">
			<Option virtualFolder="External Libraries/Artemis C++/" />
		</Unit>
		<Unit filename="src/EntityManager.cpp">
			<Option virtualFolder="External Libraries/Artemis C++/" />
		</Unit>
		<Unit filename="src/EntityProcessingSystem.cpp">
			<Option virtualFolder="External Libraries/Artemis C++/" />
		</Unit>
		<Unit filename="src/EntitySystem.cpp">
			<Option virtualFolder="External Libraries/Artemis C++/" />
		</Unit>
		<Unit filename="src/GroupManager.cpp">
			<Option virtualFolder="External Libraries/Artemis C++/" />
		</Unit>
		<Unit filename="src/IPConverter.cpp" />
		<Unit filename="src/SystemBitManager.cpp">
			<Option virtualFolder="External Libraries/Artemis C++/" />
		</Unit>
		<Unit filename="src/SystemManager.cpp">
			<Option virtualFolder="External Libraries/Artemis C++/" />
		</Unit>
		<Unit filename="src/TagManager.cpp">
			<Option virtualFolder="External Libraries/Artemis C++/" />
		</Unit>
		<Unit filename="src/Windows/ConnectToServer.cpp" />
		<Unit filename="src/Windows/Default.cpp" />
		<Unit filename="src/Windows/MainMenu.cpp" />
		<Unit filename="src/Windows/ServerConnection.cpp" />
		<Unit filename="src/World.cpp">
			<Option virtualFolder="External Libraries/Artemis C++/" />
		</Unit>
		<Unit filename="src/pugixml.cpp">
			<Option virtualFolder="External Libraries/pugiXML/" />
		</Unit>
		<Extensions>
			<code_completion />
			<debugger />
			<envvars />
		</Extensions>
	</Project>
</CodeBlocks_project_file>
