<?xml version="1.0" encoding="UTF-8" standalone="yes" ?>
<CodeBlocks_project_file>
	<FileVersion major="1" minor="6" />
	<Project>
		<Option title="Spacegasm-Server" />
		<Option pch_mode="2" />
		<Option compiler="gcc" />
		<Option virtualFolders="src/;" />
		<Build>
			<Target title="Linux64Debug">
				<Option output="../bin/Linux64Debug/Spacegasm-Server" prefix_auto="1" extension_auto="1" />
				<Option object_output="../obj/Linux64Debug/" />
				<Option type="1" />
				<Option compiler="gcc" />
				<Compiler>
					<Add option="-std=c++11" />
					<Add option="-g" />
					<Add option="`pkg-config --cflags sigc++-2.0`" />
					<Add directory="../SFML/include" />
				</Compiler>
				<Linker>
					<Add option="`pkg-config --libs libenet`" />
					<Add option="`pkg-config --libs sigc++-2.0`" />
					<Add library="../Data/Libraries_linux64/libsfml-system.so" />
					<Add library="../Data/Libraries_linux64/libsfml-network.so" />
				</Linker>
			</Target>
			<Target title="Linux64Release">
				<Option output="../bin/Linux64Release/Spacegasm-Server" prefix_auto="1" extension_auto="1" />
				<Option object_output="../obj/Linux64Release/" />
				<Option type="1" />
				<Option compiler="gcc" />
				<Compiler>
					<Add option="-O2" />
					<Add option="-std=c++11" />
					<Add option="`pkg-config --cflags sigc++-2.0`" />
				</Compiler>
				<Linker>
					<Add option="-s" />
					<Add option="`pkg-config --libs libenet`" />
					<Add option="`pkg-config --libs sigc++-2.0`" />
					<Add library="../Data/Libraries_linux64/libsfml-system.so" />
					<Add library="../Data/Libraries_linux64/libsfml-network.so" />
				</Linker>
			</Target>
			<Target title="Windows32Debug">
				<Option output="bin/Windows32Debug/Spacegasm-Server" prefix_auto="1" extension_auto="1" />
				<Option working_dir="bin/Windows32Debug/" />
				<Option object_output="obj/Windows32Debug/" />
				<Option type="1" />
				<Option compiler="gcc" />
				<Compiler>
					<Add option="-g" />
				</Compiler>
			</Target>
		</Build>
		<Compiler>
			<Add option="-Wall" />
			<Add option="-fexceptions" />
			<Add directory="../include" />
			<Add directory="../SFML/include" />
			<Add directory="include" />
		</Compiler>
		<Unit filename="../include/CGUIManager.h" />
		<Unit filename="../include/CGame.h" />
		<Unit filename="../include/CNetworkManager.h" />
		<Unit filename="../include/CPacketHandler.h" />
		<Unit filename="../include/CPacketSender.h" />
		<Unit filename="../include/CPlayerData.h">
			<Option virtualFolder="src/" />
		</Unit>
		<Unit filename="../include/CSingleton.h" />
		<Unit filename="../include/CStringContainer.h" />
		<Unit filename="../include/CStringExt.h" />
		<Unit filename="../include/CTexture.h" />
		<Unit filename="../include/CTextureManager.h" />
		<Unit filename="../include/Delegate.h" />
		<Unit filename="../include/IPConverter.h" />
		<Unit filename="../include/Signal.h" />
		<Unit filename="../include/pugiconfig.hpp" />
		<Unit filename="../include/pugixml.hpp" />
		<Unit filename="../src/CPacketHandler.cpp" />
		<Unit filename="../src/CPlayerData.cpp" />
		<Unit filename="../src/Component.cpp" />
		<Unit filename="../src/ComponentType.cpp" />
		<Unit filename="../src/ComponentTypeManager.cpp" />
		<Unit filename="../src/DelayedEntityProcessingSystem.cpp" />
		<Unit filename="../src/DelayedEntitySystem.cpp" />
		<Unit filename="../src/Entity.cpp" />
		<Unit filename="../src/EntityManager.cpp" />
		<Unit filename="../src/EntityProcessingSystem.cpp" />
		<Unit filename="../src/EntitySystem.cpp" />
		<Unit filename="../src/GroupManager.cpp" />
		<Unit filename="../src/IPConverter.cpp" />
		<Unit filename="../src/SystemBitManager.cpp" />
		<Unit filename="../src/SystemManager.cpp" />
		<Unit filename="../src/TagManager.cpp" />
		<Unit filename="../src/World.cpp" />
		<Unit filename="../src/pugixml.cpp" />
		<Unit filename="include/CChatManager.h" />
		<Unit filename="include/CPeerManager.h" />
		<Unit filename="include/CPlayerManager.h" />
		<Unit filename="include/CServer.h" />
		<Unit filename="server_main.cpp" />
		<Unit filename="src/CChatManager.cpp" />
		<Unit filename="src/CPeerManager.cpp" />
		<Unit filename="src/CPlayerManager.cpp" />
		<Unit filename="src/CServer/CServer.cpp" />
		<Unit filename="src/CServer/onExit.cpp" />
		<Unit filename="src/CServer/onInit.cpp" />
		<Unit filename="src/CServer/onUpdate.cpp" />
		<Extensions>
			<code_completion />
			<debugger />
			<envvars />
		</Extensions>
	</Project>
</CodeBlocks_project_file>
